
Microsoft Visual Studio Solution File, Format Version 12.00
# Visual Studio Version 17
VisualStudioVersion = 17.0.31903.59
MinimumVisualStudioVersion = 10.0.40219.1
Project("{FAE04EC0-301F-11D3-BF4B-00C04F79EFBC}") = "Itau.Uv8.Worker.Monitoracao.Domain", "Itau.Uv8.Worker.Monitoracao.Domain\Itau.Uv8.Worker.Monitoracao.Domain.csproj", "{C47199B8-2614-48A4-A04F-C078ACB3C363}"
EndProject
Project("{FAE04EC0-301F-11D3-BF4B-00C04F79EFBC}") = "Itau.Uv8.Worker.Monitoracao.Infrastructure", "Itau.Uv8.Worker.Monitoracao.Infrastructure\Itau.Uv8.Worker.Monitoracao.Infrastructure.csproj", "{A6005320-8955-481A-A1AF-B928C41D164E}"
EndProject
Project("{FAE04EC0-301F-11D3-BF4B-00C04F79EFBC}") = "Itau.Uv8.Worker.Monitoracao.Services", "Itau.Uv8.Worker.Monitoracao.Services\Itau.Uv8.Worker.Monitoracao.Services.csproj", "{A1CB2616-F2F6-4837-AC47-CBEF18F03DB7}"
EndProject
Project("{FAE04EC0-301F-11D3-BF4B-00C04F79EFBC}") = "Itau.Uv8.Worker.Monitoracao.Worker", "Itau.Uv8.Worker.Monitoracao.Worker\Itau.Uv8.Worker.Monitoracao.Worker.csproj", "{74BDEF28-54AA-4090-BA04-23382A60548E}"
EndProject
Global
	GlobalSection(SolutionConfigurationPlatforms) = preSolution
		Debug|Any CPU = Debug|Any CPU
		Release|Any CPU = Release|Any CPU
	EndGlobalSection
	GlobalSection(SolutionProperties) = preSolution
		HideSolutionNode = FALSE
	EndGlobalSection
	GlobalSection(ProjectConfigurationPlatforms) = postSolution
		{C47199B8-2614-48A4-A04F-C078ACB3C363}.Debug|Any CPU.ActiveCfg = Debug|Any CPU
		{C47199B8-2614-48A4-A04F-C078ACB3C363}.Debug|Any CPU.Build.0 = Debug|Any CPU
		{C47199B8-2614-48A4-A04F-C078ACB3C363}.Release|Any CPU.ActiveCfg = Release|Any CPU
		{C47199B8-2614-48A4-A04F-C078ACB3C363}.Release|Any CPU.Build.0 = Release|Any CPU
		{A6005320-8955-481A-A1AF-B928C41D164E}.Debug|Any CPU.ActiveCfg = Debug|Any CPU
		{A6005320-8955-481A-A1AF-B928C41D164E}.Debug|Any CPU.Build.0 = Debug|Any CPU
		{A6005320-8955-481A-A1AF-B928C41D164E}.Release|Any CPU.ActiveCfg = Release|Any CPU
		{A6005320-8955-481A-A1AF-B928C41D164E}.Release|Any CPU.Build.0 = Release|Any CPU
		{A1CB2616-F2F6-4837-AC47-CBEF18F03DB7}.Debug|Any CPU.ActiveCfg = Debug|Any CPU
		{A1CB2616-F2F6-4837-AC47-CBEF18F03DB7}.Debug|Any CPU.Build.0 = Debug|Any CPU
		{A1CB2616-F2F6-4837-AC47-CBEF18F03DB7}.Release|Any CPU.ActiveCfg = Release|Any CPU
		{A1CB2616-F2F6-4837-AC47-CBEF18F03DB7}.Release|Any CPU.Build.0 = Release|Any CPU
		{74BDEF28-54AA-4090-BA04-23382A60548E}.Debug|Any CPU.ActiveCfg = Debug|Any CPU
		{74BDEF28-54AA-4090-BA04-23382A60548E}.Debug|Any CPU.Build.0 = Debug|Any CPU
		{74BDEF28-54AA-4090-BA04-23382A60548E}.Release|Any CPU.ActiveCfg = Release|Any CPU
		{74BDEF28-54AA-4090-BA04-23382A60548E}.Release|Any CPU.Build.0 = Release|Any CPU
	EndGlobalSection
EndGlobal
